// !$*UTF8*$!
{
	archiveVersion = 1;
	classes = {
	};
	objectVersion = 56;
	objects = {

/* Begin PBXBuildFile section */
		42CD37912B0C428400C7033E /* FavouritesView.swift in Sources */ = {isa = PBXBuildFile; fileRef = 42CD37902B0C428400C7033E /* FavouritesView.swift */; };
		977CDDAC2B0FA44C0008E01F /* data.json in Resources */ = {isa = PBXBuildFile; fileRef = 977CDDAB2B0FA44C0008E01F /* data.json */; };
		977CDDAE2B0FB0B90008E01F /* DataManager.swift in Sources */ = {isa = PBXBuildFile; fileRef = 977CDDAD2B0FB0B90008E01F /* DataManager.swift */; };
		D92625FB2AEC9ADA0068AF08 /* historic_appApp.swift in Sources */ = {isa = PBXBuildFile; fileRef = D92625FA2AEC9ADA0068AF08 /* historic_appApp.swift */; };
		D92625FD2AEC9ADA0068AF08 /* ContentView.swift in Sources */ = {isa = PBXBuildFile; fileRef = D92625FC2AEC9ADA0068AF08 /* ContentView.swift */; };
		D92625FF2AEC9ADE0068AF08 /* Assets.xcassets in Resources */ = {isa = PBXBuildFile; fileRef = D92625FE2AEC9ADE0068AF08 /* Assets.xcassets */; };
		D92626022AEC9ADE0068AF08 /* Preview Assets.xcassets in Resources */ = {isa = PBXBuildFile; fileRef = D92626012AEC9ADE0068AF08 /* Preview Assets.xcassets */; };
		DE7D705D2B0D9D9900ADE74D /* placeInfo.swift in Sources */ = {isa = PBXBuildFile; fileRef = DE7D705C2B0D9D9900ADE74D /* placeInfo.swift */; };
/* End PBXBuildFile section */

/* Begin PBXFileReference section */
		42CD37902B0C428400C7033E /* FavouritesView.swift */ = {isa = PBXFileReference; lastKnownFileType = sourcecode.swift; path = FavouritesView.swift; sourceTree = "<group>"; };
		977CDDAB2B0FA44C0008E01F /* data.json */ = {isa = PBXFileReference; fileEncoding = 4; lastKnownFileType = text.json; name = data.json; path = ../../../../../Downloads/data.json; sourceTree = "<group>"; };
		977CDDAD2B0FB0B90008E01F /* DataManager.swift */ = {isa = PBXFileReference; lastKnownFileType = sourcecode.swift; path = DataManager.swift; sourceTree = "<group>"; };
		D92625F72AEC9ADA0068AF08 /* historic app.app */ = {isa = PBXFileReference; explicitFileType = wrapper.application; includeInIndex = 0; path = "historic app.app"; sourceTree = BUILT_PRODUCTS_DIR; };
		D92625FA2AEC9ADA0068AF08 /* historic_appApp.swift */ = {isa = PBXFileReference; lastKnownFileType = sourcecode.swift; path = historic_appApp.swift; sourceTree = "<group>"; };
		D92625FC2AEC9ADA0068AF08 /* ContentView.swift */ = {isa = PBXFileReference; lastKnownFileType = sourcecode.swift; path = ContentView.swift; sourceTree = "<group>"; };
		D92625FE2AEC9ADE0068AF08 /* Assets.xcassets */ = {isa = PBXFileReference; lastKnownFileType = folder.assetcatalog; path = Assets.xcassets; sourceTree = "<group>"; };
		D92626012AEC9ADE0068AF08 /* Preview Assets.xcassets */ = {isa = PBXFileReference; lastKnownFileType = folder.assetcatalog; path = "Preview Assets.xcassets"; sourceTree = "<group>"; };
		DE7D705C2B0D9D9900ADE74D /* placeInfo.swift */ = {isa = PBXFileReference; lastKnownFileType = sourcecode.swift; path = placeInfo.swift; sourceTree = "<group>"; };
/* End PBXFileReference section */

/* Begin PBXFrameworksBuildPhase section */
		D92625F42AEC9ADA0068AF08 /* Frameworks */ = {
			isa = PBXFrameworksBuildPhase;
			buildActionMask = 2147483647;
			files = (
			);
			runOnlyForDeploymentPostprocessing = 0;
		};
/* End PBXFrameworksBuildPhase section */

/* Begin PBXGroup section */
		D92625EE2AEC9ADA0068AF08 = {
			isa = PBXGroup;
			children = (
				977CDDAB2B0FA44C0008E01F /* data.json */,
				D92625F92AEC9ADA0068AF08 /* historic app */,
				D92625F82AEC9ADA0068AF08 /* Products */,
			);
			sourceTree = "<group>";
		};
		D92625F82AEC9ADA0068AF08 /* Products */ = {
			isa = PBXGroup;
			children = (
				D92625F72AEC9ADA0068AF08 /* historic app.app */,
			);
			name = Products;
			sourceTree = "<group>";
		};
		D92625F92AEC9ADA0068AF08 /* historic app */ = {
			isa = PBXGroup;
			children = (
				D92625FA2AEC9ADA0068AF08 /* historic_appApp.swift */,
				D92625FC2AEC9ADA0068AF08 /* ContentView.swift */,
				DE7D705C2B0D9D9900ADE74D /* placeInfo.swift */,
				42CD37902B0C428400C7033E /* FavouritesView.swift */,
				977CDDAD2B0FB0B90008E01F /* DataManager.swift */,
				D92625FE2AEC9ADE0068AF08 /* Assets.xcassets */,
				D92626002AEC9ADE0068AF08 /* Preview Content */,
			);
			path = "historic app";
			sourceTree = "<group>";
		};
		D92626002AEC9ADE0068AF08 /* Preview Content */ = {
			isa = PBXGroup;
			children = (
				D92626012AEC9ADE0068AF08 /* Preview Assets.xcassets */,
			);
			path = "Preview Content";
			sourceTree = "<group>";
		};
/* End PBXGroup section */

/* Begin PBXNativeTarget section */
		D92625F62AEC9ADA0068AF08 /* historic app */ = {
			isa = PBXNativeTarget;
			buildConfigurationList = D92626052AEC9ADE0068AF08 /* Build configuration list for PBXNativeTarget "historic app" */;
			buildPhases = (
				D92625F32AEC9ADA0068AF08 /* Sources */,
				D92625F42AEC9ADA0068AF08 /* Frameworks */,
				D92625F52AEC9ADA0068AF08 /* Resources */,
			);
			buildRules = (
			);
			dependencies = (
			);
			name = "historic app";
			productName = "historic app";
			productReference = D92625F72AEC9ADA0068AF08 /* historic app.app */;
			productType = "com.apple.product-type.application";
		};
/* End PBXNativeTarget section */

/* Begin PBXProject section */
		D92625EF2AEC9ADA0068AF08 /* Project object */ = {
			isa = PBXProject;
			attributes = {
				BuildIndependentTargetsInParallel = 1;
				LastSwiftUpdateCheck = 1430;
				LastUpgradeCheck = 1430;
				TargetAttributes = {
					D92625F62AEC9ADA0068AF08 = {
						CreatedOnToolsVersion = 14.3.1;
					};
				};
			};
			buildConfigurationList = D92625F22AEC9ADA0068AF08 /* Build configuration list for PBXProject "historic app" */;
			compatibilityVersion = "Xcode 14.0";
			developmentRegion = en;
			hasScannedForEncodings = 0;
			knownRegions = (
				en,
				Base,
			);
			mainGroup = D92625EE2AEC9ADA0068AF08;
			productRefGroup = D92625F82AEC9ADA0068AF08 /* Products */;
			projectDirPath = "";
			projectRoot = "";
			targets = (
				D92625F62AEC9ADA0068AF08 /* historic app */,
			);
		};
/* End PBXProject section */

/* Begin PBXResourcesBuildPhase section */
		D92625F52AEC9ADA0068AF08 /* Resources */ = {
			isa = PBXResourcesBuildPhase;
			buildActionMask = 2147483647;
			files = (
				D92626022AEC9ADE0068AF08 /* Preview Assets.xcassets in Resources */,
				977CDDAC2B0FA44C0008E01F /* data.json in Resources */,
				D92625FF2AEC9ADE0068AF08 /* Assets.xcassets in Resources */,
			);
			runOnlyForDeploymentPostprocessing = 0;
		};
/* End PBXResourcesBuildPhase section */

/* Begin PBXSourcesBuildPhase section */
		D92625F32AEC9ADA0068AF08 /* Sources */ = {
			isa = PBXSourcesBuildPhase;
			buildActionMask = 2147483647;
			files = (
				D92625FD2AEC9ADA0068AF08 /* ContentView.swift in Sources */,
				977CDDAE2B0FB0B90008E01F /* DataManager.swift in Sources */,
				42CD37912B0C428400C7033E /* FavouritesView.swift in Sources */,
				D92625FB2AEC9ADA0068AF08 /* historic_appApp.swift in Sources */,
				DE7D705D2B0D9D9900ADE74D /* placeInfo.swift in Sources */,
			);
			runOnlyForDeploymentPostprocessing = 0;
		};
/* End PBXSourcesBuildPhase section */

/* Begin XCBuildConfiguration section */
		D92626032AEC9ADE0068AF08 /* Debug */ = {
			isa = XCBuildConfiguration;
			buildSettings = {
				ALWAYS_SEARCH_USER_PATHS = NO;
				CLANG_ANALYZER_NONNULL = YES;
				CLANG_ANALYZER_NUMBER_OBJECT_CONVERSION = YES_AGGRESSIVE;
				CLANG_CXX_LANGUAGE_STANDARD = "gnu++20";
				CLANG_ENABLE_MODULES = YES;
				CLANG_ENABLE_OBJC_ARC = YES;
				CLANG_ENABLE_OBJC_WEAK = YES;
				CLANG_WARN_BLOCK_CAPTURE_AUTORELEASING = YES;
				CLANG_WARN_BOOL_CONVERSION = YES;
				CLANG_WARN_COMMA = YES;
				CLANG_WARN_CONSTANT_CONVERSION = YES;
				CLANG_WARN_DEPRECATED_OBJC_IMPLEMENTATIONS = YES;
				CLANG_WARN_DIRECT_OBJC_ISA_USAGE = YES_ERROR;
				CLANG_WARN_DOCUMENTATION_COMMENTS = YES;
				CLANG_WARN_EMPTY_BODY = YES;
				CLANG_WARN_ENUM_CONVERSION = YES;
				CLANG_WARN_INFINITE_RECURSION = YES;
				CLANG_WARN_INT_CONVERSION = YES;
				CLANG_WARN_NON_LITERAL_NULL_CONVERSION = YES;
				CLANG_WARN_OBJC_IMPLICIT_RETAIN_SELF = YES;
				CLANG_WARN_OBJC_LITERAL_CONVERSION = YES;
				CLANG_WARN_OBJC_ROOT_CLASS = YES_ERROR;
				CLANG_WARN_QUOTED_INCLUDE_IN_FRAMEWORK_HEADER = YES;
				CLANG_WARN_RANGE_LOOP_ANALYSIS = YES;
				CLANG_WARN_STRICT_PROTOTYPES = YES;
				CLANG_WARN_SUSPICIOUS_MOVE = YES;
				CLANG_WARN_UNGUARDED_AVAILABILITY = YES_AGGRESSIVE;
				CLANG_WARN_UNREACHABLE_CODE = YES;
				CLANG_WARN__DUPLICATE_METHOD_MATCH = YES;
				COPY_PHASE_STRIP = NO;
				DEBUG_INFORMATION_FORMAT = dwarf;
				ENABLE_STRICT_OBJC_MSGSEND = YES;
				ENABLE_TESTABILITY = YES;
				GCC_C_LANGUAGE_STANDARD = gnu11;
				GCC_DYNAMIC_NO_PIC = NO;
				GCC_NO_COMMON_BLOCKS = YES;
				GCC_OPTIMIZATION_LEVEL = 0;
				GCC_PREPROCESSOR_DEFINITIONS = (
					"DEBUG=1",
					"$(inherited)",
				);
				GCC_WARN_64_TO_32_BIT_CONVERSION = YES;
				GCC_WARN_ABOUT_RETURN_TYPE = YES_ERROR;
				GCC_WARN_UNDECLARED_SELECTOR = YES;
				GCC_WARN_UNINITIALIZED_AUTOS = YES_AGGRESSIVE;
				GCC_WARN_UNUSED_FUNCTION = YES;
				GCC_WARN_UNUSED_VARIABLE = YES;
				IPHONEOS_DEPLOYMENT_TARGET = 16.4;
				MTL_ENABLE_DEBUG_INFO = INCLUDE_SOURCE;
				MTL_FAST_MATH = YES;
				ONLY_ACTIVE_ARCH = YES;
				SDKROOT = iphoneos;
				SWIFT_ACTIVE_COMPILATION_CONDITIONS = DEBUG;
				SWIFT_OPTIMIZATION_LEVEL = "-Onone";
			};
			name = Debug;
		};
		D92626042AEC9ADE0068AF08 /* Release */ = {
			isa = XCBuildConfiguration;
			buildSettings = {
				ALWAYS_SEARCH_USER_PATHS = NO;
				CLANG_ANALYZER_NONNULL = YES;
				CLANG_ANALYZER_NUMBER_OBJECT_CONVERSION = YES_AGGRESSIVE;
				CLANG_CXX_LANGUAGE_STANDARD = "gnu++20";
				CLANG_ENABLE_MODULES = YES;
				CLANG_ENABLE_OBJC_ARC = YES;
				CLANG_ENABLE_OBJC_WEAK = YES;
				CLANG_WARN_BLOCK_CAPTURE_AUTORELEASING = YES;
				CLANG_WARN_BOOL_CONVERSION = YES;
				CLANG_WARN_COMMA = YES;
				CLANG_WARN_CONSTANT_CONVERSION = YES;
				CLANG_WARN_DEPRECATED_OBJC_IMPLEMENTATIONS = YES;
				CLANG_WARN_DIRECT_OBJC_ISA_USAGE = YES_ERROR;
				CLANG_WARN_DOCUMENTATION_COMMENTS = YES;
				CLANG_WARN_EMPTY_BODY = YES;
				CLANG_WARN_ENUM_CONVERSION = YES;
				CLANG_WARN_INFINITE_RECURSION = YES;
				CLANG_WARN_INT_CONVERSION = YES;
				CLANG_WARN_NON_LITERAL_NULL_CONVERSION = YES;
				CLANG_WARN_OBJC_IMPLICIT_RETAIN_SELF = YES;
				CLANG_WARN_OBJC_LITERAL_CONVERSION = YES;
				CLANG_WARN_OBJC_ROOT_CLASS = YES_ERROR;
				CLANG_WARN_QUOTED_INCLUDE_IN_FRAMEWORK_HEADER = YES;
				CLANG_WARN_RANGE_LOOP_ANALYSIS = YES;
				CLANG_WARN_STRICT_PROTOTYPES = YES;
				CLANG_WARN_SUSPICIOUS_MOVE = YES;
				CLANG_WARN_UNGUARDED_AVAILABILITY = YES_AGGRESSIVE;
				CLANG_WARN_UNREACHABLE_CODE = YES;
				CLANG_WARN__DUPLICATE_METHOD_MATCH = YES;
				COPY_PHASE_STRIP = NO;
				DEBUG_INFORMATION_FORMAT = "dwarf-with-dsym";
				ENABLE_NS_ASSERTIONS = NO;
				ENABLE_STRICT_OBJC_MSGSEND = YES;
				GCC_C_LANGUAGE_STANDARD = gnu11;
				GCC_NO_COMMON_BLOCKS = YES;
				GCC_WARN_64_TO_32_BIT_CONVERSION = YES;
				GCC_WARN_ABOUT_RETURN_TYPE = YES_ERROR;
				GCC_WARN_UNDECLARED_SELECTOR = YES;
				GCC_WARN_UNINITIALIZED_AUTOS = YES_AGGRESSIVE;
				GCC_WARN_UNUSED_FUNCTION = YES;
				GCC_WARN_UNUSED_VARIABLE = YES;
				IPHONEOS_DEPLOYMENT_TARGET = 16.4;
				MTL_ENABLE_DEBUG_INFO = NO;
				MTL_FAST_MATH = YES;
				SDKROOT = iphoneos;
				SWIFT_COMPILATION_MODE = wholemodule;
				SWIFT_OPTIMIZATION_LEVEL = "-O";
				VALIDATE_PRODUCT = YES;
			};
			name = Release;
		};
		D92626062AEC9ADE0068AF08 /* Debug */ = {
			isa = XCBuildConfiguration;
			buildSettings = {
				ASSETCATALOG_COMPILER_APPICON_NAME = AppIcon;
				ASSETCATALOG_COMPILER_GLOBAL_ACCENT_COLOR_NAME = AccentColor;
				CODE_SIGN_STYLE = Automatic;
				CURRENT_PROJECT_VERSION = 1;
				DEVELOPMENT_ASSET_PATHS = "\"historic app/Preview Content\"";
				ENABLE_PREVIEWS = YES;
				GENERATE_INFOPLIST_FILE = YES;
				INFOPLIST_KEY_UIApplicationSceneManifest_Generation = YES;
				INFOPLIST_KEY_UIApplicationSupportsIndirectInputEvents = YES;
				INFOPLIST_KEY_UILaunchScreen_Generation = YES;
				INFOPLIST_KEY_UISupportedInterfaceOrientations_iPad = "UIInterfaceOrientationPortrait UIInterfaceOrientationPortraitUpsideDown UIInterfaceOrientationLandscapeLeft UIInterfaceOrientationLandscapeRight";
				INFOPLIST_KEY_UISupportedInterfaceOrientations_iPhone = "UIInterfaceOrientationPortrait UIInterfaceOrientationLandscapeLeft UIInterfaceOrientationLandscapeRight";
				LD_RUNPATH_SEARCH_PATHS = (
					"$(inherited)",
					"@executable_path/Frameworks",
				);
				MARKETING_VERSION = 1.0;
				PRODUCT_BUNDLE_IDENTIFIER = "swift2023.historic-app";
				PRODUCT_NAME = "$(TARGET_NAME)";
				SWIFT_EMIT_LOC_STRINGS = YES;
				SWIFT_VERSION = 5.0;
				TARGETED_DEVICE_FAMILY = "1,2";
			};
			name = Debug;
		};
		D92626072AEC9ADE0068AF08 /* Release */ = {
			isa = XCBuildConfiguration;
			buildSettings = {
				ASSETCATALOG_COMPILER_APPICON_NAME = AppIcon;
				ASSETCATALOG_COMPILER_GLOBAL_ACCENT_COLOR_NAME = AccentColor;
				CODE_SIGN_STYLE = Automatic;
				CURRENT_PROJECT_VERSION = 1;
				DEVELOPMENT_ASSET_PATHS = "\"historic app/Preview Content\"";
				ENABLE_PREVIEWS = YES;
				GENERATE_INFOPLIST_FILE = YES;
				INFOPLIST_KEY_UIApplicationSceneManifest_Generation = YES;
				INFOPLIST_KEY_UIApplicationSupportsIndirectInputEvents = YES;
				INFOPLIST_KEY_UILaunchScreen_Generation = YES;
				INFOPLIST_KEY_UISupportedInterfaceOrientations_iPad = "UIInterfaceOrientationPortrait UIInterfaceOrientationPortraitUpsideDown UIInterfaceOrientationLandscapeLeft UIInterfaceOrientationLandscapeRight";
				INFOPLIST_KEY_UISupportedInterfaceOrientations_iPhone = "UIInterfaceOrientationPortrait UIInterfaceOrientationLandscapeLeft UIInterfaceOrientationLandscapeRight";
				LD_RUNPATH_SEARCH_PATHS = (
					"$(inherited)",
					"@executable_path/Frameworks",
				);
				MARKETING_VERSION = 1.0;
				PRODUCT_BUNDLE_IDENTIFIER = "swift2023.historic-app";
				PRODUCT_NAME = "$(TARGET_NAME)";
				SWIFT_EMIT_LOC_STRINGS = YES;
				SWIFT_VERSION = 5.0;
				TARGETED_DEVICE_FAMILY = "1,2";
			};
			name = Release;
		};
/* End XCBuildConfiguration section */

/* Begin XCConfigurationList section */
		D92625F22AEC9ADA0068AF08 /* Build configuration list for PBXProject "historic app" */ = {
			isa = XCConfigurationList;
			buildConfigurations = (
				D92626032AEC9ADE0068AF08 /* Debug */,
				D92626042AEC9ADE0068AF08 /* Release */,
			);
			defaultConfigurationIsVisible = 0;
			defaultConfigurationName = Release;
		};
		D92626052AEC9ADE0068AF08 /* Build configuration list for PBXNativeTarget "historic app" */ = {
			isa = XCConfigurationList;
			buildConfigurations = (
				D92626062AEC9ADE0068AF08 /* Debug */,
				D92626072AEC9ADE0068AF08 /* Release */,
			);
			defaultConfigurationIsVisible = 0;
			defaultConfigurationName = Release;
		};
/* End XCConfigurationList section */
	};
	rootObject = D92625EF2AEC9ADA0068AF08 /* Project object */;
}
